// !$*UTF8*$!
{
	archiveVersion = 1;
	classes = {
	};
	objectVersion = 77;
	objects = {

/* Begin PBXContainerItemProxy section */
		F5E5142A2D0F1FD400BFE008 /* PBXContainerItemProxy */ = {
			isa = PBXContainerItemProxy;
			containerPortal = F5E5140B2D0F1FD300BFE008 /* Project object */;
			proxyType = 1;
			remoteGlobalIDString = F5E514122D0F1FD300BFE008;
			remoteInfo = LaundrayWeb;
		};
		F5E514342D0F1FD400BFE008 /* PBXContainerItemProxy */ = {
			isa = PBXContainerItemProxy;
			containerPortal = F5E5140B2D0F1FD300BFE008 /* Project object */;
			proxyType = 1;
			remoteGlobalIDString = F5E514122D0F1FD300BFE008;
			remoteInfo = LaundrayWeb;
		};
/* End PBXContainerItemProxy section */

/* Begin PBXFileReference section */
		F5E514132D0F1FD300BFE008 /* LaundrayWeb.app */ = {isa = PBXFileReference; explicitFileType = wrapper.application; includeInIndex = 0; path = LaundrayWeb.app; sourceTree = BUILT_PRODUCTS_DIR; };
		F5E514292D0F1FD400BFE008 /* LaundrayWebTests.xctest */ = {isa = PBXFileReference; explicitFileType = wrapper.cfbundle; includeInIndex = 0; path = LaundrayWebTests.xctest; sourceTree = BUILT_PRODUCTS_DIR; };
		F5E514332D0F1FD400BFE008 /* LaundrayWebUITests.xctest */ = {isa = PBXFileReference; explicitFileType = wrapper.cfbundle; includeInIndex = 0; path = LaundrayWebUITests.xctest; sourceTree = BUILT_PRODUCTS_DIR; };
/* End PBXFileReference section */

/* Begin PBXFileSystemSynchronizedBuildFileExceptionSet section */
		F5E5143B2D0F1FD400BFE008 /* Exceptions for "LaundrayWeb" folder in "LaundrayWeb" target */ = {
			isa = PBXFileSystemSynchronizedBuildFileExceptionSet;
			membershipExceptions = (
				Info.plist,
			);
			target = F5E514122D0F1FD300BFE008 /* LaundrayWeb */;
		};
/* End PBXFileSystemSynchronizedBuildFileExceptionSet section */

/* Begin PBXFileSystemSynchronizedRootGroup section */
		F5E514152D0F1FD300BFE008 /* LaundrayWeb */ = {
			isa = PBXFileSystemSynchronizedRootGroup;
			exceptions = (
				F5E5143B2D0F1FD400BFE008 /* Exceptions for "LaundrayWeb" folder in "LaundrayWeb" target */,
			);
			path = LaundrayWeb;
			sourceTree = "<group>";
		};
		F5E5142C2D0F1FD400BFE008 /* LaundrayWebTests */ = {
			isa = PBXFileSystemSynchronizedRootGroup;
			path = LaundrayWebTests;
			sourceTree = "<group>";
		};
		F5E514362D0F1FD400BFE008 /* LaundrayWebUITests */ = {
			isa = PBXFileSystemSynchronizedRootGroup;
			path = LaundrayWebUITests;
			sourceTree = "<group>";
		};
/* End PBXFileSystemSynchronizedRootGroup section */

/* Begin PBXFrameworksBuildPhase section */
		F5E514102D0F1FD300BFE008 /* Frameworks */ = {
			isa = PBXFrameworksBuildPhase;
			buildActionMask = 2147483647;
			files = (
			);
			runOnlyForDeploymentPostprocessing = 0;
		};
		F5E514262D0F1FD400BFE008 /* Frameworks */ = {
			isa = PBXFrameworksBuildPhase;
			buildActionMask = 2147483647;
			files = (
			);
			runOnlyForDeploymentPostprocessing = 0;
		};
		F5E514302D0F1FD400BFE008 /* Frameworks */ = {
			isa = PBXFrameworksBuildPhase;
			buildActionMask = 2147483647;
			files = (
			);
			runOnlyForDeploymentPostprocessing = 0;
		};
/* End PBXFrameworksBuildPhase section */

/* Begin PBXGroup section */
		F5E5140A2D0F1FD300BFE008 = {
			isa = PBXGroup;
			children = (
				F5E514152D0F1FD300BFE008 /* LaundrayWeb */,
				F5E5142C2D0F1FD400BFE008 /* LaundrayWebTests */,
				F5E514362D0F1FD400BFE008 /* LaundrayWebUITests */,
				F5E514142D0F1FD300BFE008 /* Products */,
			);
			sourceTree = "<group>";
		};
		F5E514142D0F1FD300BFE008 /* Products */ = {
			isa = PBXGroup;
			children = (
				F5E514132D0F1FD300BFE008 /* LaundrayWeb.app */,
				F5E514292D0F1FD400BFE008 /* LaundrayWebTests.xctest */,
				F5E514332D0F1FD400BFE008 /* LaundrayWebUITests.xctest */,
			);
			name = Products;
			sourceTree = "<group>";
		};
/* End PBXGroup section */

/* Begin PBXNativeTarget section */
		F5E514122D0F1FD300BFE008 /* LaundrayWeb */ = {
			isa = PBXNativeTarget;
			buildConfigurationList = F5E5143C2D0F1FD400BFE008 /* Build configuration list for PBXNativeTarget "LaundrayWeb" */;
			buildPhases = (
				F5E5140F2D0F1FD300BFE008 /* Sources */,
				F5E514102D0F1FD300BFE008 /* Frameworks */,
				F5E514112D0F1FD300BFE008 /* Resources */,
			);
			buildRules = (
			);
			dependencies = (
			);
			fileSystemSynchronizedGroups = (
				F5E514152D0F1FD300BFE008 /* LaundrayWeb */,
			);
			name = LaundrayWeb;
			packageProductDependencies = (
			);
			productName = LaundrayWeb;
			productReference = F5E514132D0F1FD300BFE008 /* LaundrayWeb.app */;
			productType = "com.apple.product-type.application";
		};
		F5E514282D0F1FD400BFE008 /* LaundrayWebTests */ = {
			isa = PBXNativeTarget;
			buildConfigurationList = F5E514412D0F1FD400BFE008 /* Build configuration list for PBXNativeTarget "LaundrayWebTests" */;
			buildPhases = (
				F5E514252D0F1FD400BFE008 /* Sources */,
				F5E514262D0F1FD400BFE008 /* Frameworks */,
				F5E514272D0F1FD400BFE008 /* Resources */,
			);
			buildRules = (
			);
			dependencies = (
				F5E5142B2D0F1FD400BFE008 /* PBXTargetDependency */,
			);
			fileSystemSynchronizedGroups = (
				F5E5142C2D0F1FD400BFE008 /* LaundrayWebTests */,
			);
			name = LaundrayWebTests;
			packageProductDependencies = (
			);
			productName = LaundrayWebTests;
			productReference = F5E514292D0F1FD400BFE008 /* LaundrayWebTests.xctest */;
			productType = "com.apple.product-type.bundle.unit-test";
		};
		F5E514322D0F1FD400BFE008 /* LaundrayWebUITests */ = {
			isa = PBXNativeTarget;
			buildConfigurationList = F5E514442D0F1FD400BFE008 /* Build configuration list for PBXNativeTarget "LaundrayWebUITests" */;
			buildPhases = (
				F5E5142F2D0F1FD400BFE008 /* Sources */,
				F5E514302D0F1FD400BFE008 /* Frameworks */,
				F5E514312D0F1FD400BFE008 /* Resources */,
			);
			buildRules = (
			);
			dependencies = (
				F5E514352D0F1FD400BFE008 /* PBXTargetDependency */,
			);
			fileSystemSynchronizedGroups = (
				F5E514362D0F1FD400BFE008 /* LaundrayWebUITests */,
			);
			name = LaundrayWebUITests;
			packageProductDependencies = (
			);
			productName = LaundrayWebUITests;
			productReference = F5E514332D0F1FD400BFE008 /* LaundrayWebUITests.xctest */;
			productType = "com.apple.product-type.bundle.ui-testing";
		};
/* End PBXNativeTarget section */

/* Begin PBXProject section */
		F5E5140B2D0F1FD300BFE008 /* Project object */ = {
			isa = PBXProject;
			attributes = {
				BuildIndependentTargetsInParallel = 1;
				LastSwiftUpdateCheck = 1610;
				LastUpgradeCheck = 1610;
				TargetAttributes = {
					F5E514122D0F1FD300BFE008 = {
						CreatedOnToolsVersion = 16.1;
					};
					F5E514282D0F1FD400BFE008 = {
						CreatedOnToolsVersion = 16.1;
						TestTargetID = F5E514122D0F1FD300BFE008;
					};
					F5E514322D0F1FD400BFE008 = {
						CreatedOnToolsVersion = 16.1;
						TestTargetID = F5E514122D0F1FD300BFE008;
					};
				};
			};
			buildConfigurationList = F5E5140E2D0F1FD300BFE008 /* Build configuration list for PBXProject "LaundrayWeb" */;
			developmentRegion = en;
			hasScannedForEncodings = 0;
			knownRegions = (
				en,
				Base,
			);
			mainGroup = F5E5140A2D0F1FD300BFE008;
			minimizedProjectReferenceProxies = 1;
			preferredProjectObjectVersion = 77;
			productRefGroup = F5E514142D0F1FD300BFE008 /* Products */;
			projectDirPath = "";
			projectRoot = "";
			targets = (
				F5E514122D0F1FD300BFE008 /* LaundrayWeb */,
				F5E514282D0F1FD400BFE008 /* LaundrayWebTests */,
				F5E514322D0F1FD400BFE008 /* LaundrayWebUITests */,
			);
		};
/* End PBXProject section */

/* Begin PBXResourcesBuildPhase section */
		F5E514112D0F1FD300BFE008 /* Resources */ = {
			isa = PBXResourcesBuildPhase;
			buildActionMask = 2147483647;
			files = (
			);
			runOnlyForDeploymentPostprocessing = 0;
		};
		F5E514272D0F1FD400BFE008 /* Resources */ = {
			isa = PBXResourcesBuildPhase;
			buildActionMask = 2147483647;
			files = (
			);
			runOnlyForDeploymentPostprocessing = 0;
		};
		F5E514312D0F1FD400BFE008 /* Resources */ = {
			isa = PBXResourcesBuildPhase;
			buildActionMask = 2147483647;
			files = (
			);
			runOnlyForDeploymentPostprocessing = 0;
		};
/* End PBXResourcesBuildPhase section */

/* Begin PBXSourcesBuildPhase section */
		F5E5140F2D0F1FD300BFE008 /* Sources */ = {
			isa = PBXSourcesBuildPhase;
			buildActionMask = 2147483647;
			files = (
			);
			runOnlyForDeploymentPostprocessing = 0;
		};
		F5E514252D0F1FD400BFE008 /* Sources */ = {
			isa = PBXSourcesBuildPhase;
			buildActionMask = 2147483647;
			files = (
			);
			runOnlyForDeploymentPostprocessing = 0;
		};
		F5E5142F2D0F1FD400BFE008 /* Sources */ = {
			isa = PBXSourcesBuildPhase;
			buildActionMask = 2147483647;
			files = (
			);
			runOnlyForDeploymentPostprocessing = 0;
		};
/* End PBXSourcesBuildPhase section */

/* Begin PBXTargetDependency section */
		F5E5142B2D0F1FD400BFE008 /* PBXTargetDependency */ = {
			isa = PBXTargetDependency;
			target = F5E514122D0F1FD300BFE008 /* LaundrayWeb */;
			targetProxy = F5E5142A2D0F1FD400BFE008 /* PBXContainerItemProxy */;
		};
		F5E514352D0F1FD400BFE008 /* PBXTargetDependency */ = {
			isa = PBXTargetDependency;
			target = F5E514122D0F1FD300BFE008 /* LaundrayWeb */;
			targetProxy = F5E514342D0F1FD400BFE008 /* PBXContainerItemProxy */;
		};
/* End PBXTargetDependency section */

/* Begin XCBuildConfiguration section */
		F5E5143D2D0F1FD400BFE008 /* Debug */ = {
			isa = XCBuildConfiguration;
			buildSettings = {
				ASSETCATALOG_COMPILER_APPICON_NAME = AppIcon;
				ASSETCATALOG_COMPILER_GLOBAL_ACCENT_COLOR_NAME = AccentColor;
				CODE_SIGN_STYLE = Automatic;
				CURRENT_PROJECT_VERSION = 1;
				GENERATE_INFOPLIST_FILE = YES;
				INFOPLIST_FILE = LaundrayWeb/Info.plist;
				INFOPLIST_KEY_UIApplicationSupportsIndirectInputEvents = YES;
				INFOPLIST_KEY_UILaunchStoryboardName = Tabbar.storyboard;
				INFOPLIST_KEY_UIMainStoryboardFile = Main;
				INFOPLIST_KEY_UISupportedInterfaceOrientations_iPad = "UIInterfaceOrientationPortrait UIInterfaceOrientationPortraitUpsideDown UIInterfaceOrientationLandscapeLeft UIInterfaceOrientationLandscapeRight";
				INFOPLIST_KEY_UISupportedInterfaceOrientations_iPhone = "UIInterfaceOrientationPortrait UIInterfaceOrientationLandscapeLeft UIInterfaceOrientationLandscapeRight";
				IPHONEOS_DEPLOYMENT_TARGET = 15.6;
				LD_RUNPATH_SEARCH_PATHS = (
					"$(inherited)",
					"@executable_path/Frameworks",
				);
				MARKETING_VERSION = 1.0;
				PRODUCT_BUNDLE_IDENTIFIER = com.LaundrayWeb;
				PRODUCT_NAME = "$(TARGET_NAME)";
				SWIFT_EMIT_LOC_STRINGS = YES;
				SWIFT_VERSION = 5.0;
				TARGETED_DEVICE_FAMILY = "1,2";
			};
			name = Debug;
		};
		F5E5143E2D0F1FD400BFE008 /* Release */ = {
			isa = XCBuildConfiguration;
			buildSettings = {
				ASSETCATALOG_COMPILER_APPICON_NAME = AppIcon;
				ASSETCATALOG_COMPILER_GLOBAL_ACCENT_COLOR_NAME = AccentColor;
				CODE_SIGN_STYLE = Automatic;
				CURRENT_PROJECT_VERSION = 1;
				GENERATE_INFOPLIST_FILE = YES;
				INFOPLIST_FILE = LaundrayWeb/Info.plist;
				INFOPLIST_KEY_UIApplicationSupportsIndirectInputEvents = YES;
				INFOPLIST_KEY_UILaunchStoryboardName = Tabbar.storyboard;
				INFOPLIST_KEY_UIMainStoryboardFile = Main;
				INFOPLIST_KEY_UISupportedInterfaceOrientations_iPad = "UIInterfaceOrientationPortrait UIInterfaceOrientationPortraitUpsideDown UIInterfaceOrientationLandscapeLeft UIInterfaceOrientationLandscapeRight";
				INFOPLIST_KEY_UISupportedInterfaceOrientations_iPhone = "UIInterfaceOrientationPortrait UIInterfaceOrientationLandscapeLeft UIInterfaceOrientationLandscapeRight";
				IPHONEOS_DEPLOYMENT_TARGET = 15.6;
				LD_RUNPATH_SEARCH_PATHS = (
					"$(inherited)",
					"@executable_path/Frameworks",
				);
				MARKETING_VERSION = 1.0;
				PRODUCT_BUNDLE_IDENTIFIER = com.LaundrayWeb;
				PRODUCT_NAME = "$(TARGET_NAME)";
				SWIFT_EMIT_LOC_STRINGS = YES;
				SWIFT_VERSION = 5.0;
				TARGETED_DEVICE_FAMILY = "1,2";
			};
			name = Release;
		};
		F5E5143F2D0F1FD400BFE008 /* Debug */ = {
			isa = XCBuildConfiguration;
			buildSettings = {
				ALWAYS_SEARCH_USER_PATHS = NO;
				ASSETCATALOG_COMPILER_GENERATE_SWIFT_ASSET_SYMBOL_EXTENSIONS = YES;
				CLANG_ANALYZER_NONNULL = YES;
				CLANG_ANALYZER_NUMBER_OBJECT_CONVERSION = YES_AGGRESSIVE;
				CLANG_CXX_LANGUAGE_STANDARD = "gnu++20";
				CLANG_ENABLE_MODULES = YES;
				CLANG_ENABLE_OBJC_ARC = YES;
				CLANG_ENABLE_OBJC_WEAK = YES;
				CLANG_WARN_BLOCK_CAPTURE_AUTORELEASING = YES;
				CLANG_WARN_BOOL_CONVERSION = YES;
				CLANG_WARN_COMMA = YES;
				CLANG_WARN_CONSTANT_CONVERSION = YES;
				CLANG_WARN_DEPRECATED_OBJC_IMPLEMENTATIONS = YES;
				CLANG_WARN_DIRECT_OBJC_ISA_USAGE = YES_ERROR;
				CLANG_WARN_DOCUMENTATION_COMMENTS = YES;
				CLANG_WARN_EMPTY_BODY = YES;
				CLANG_WARN_ENUM_CONVERSION = YES;
				CLANG_WARN_INFINITE_RECURSION = YES;
				CLANG_WARN_INT_CONVERSION = YES;
				CLANG_WARN_NON_LITERAL_NULL_CONVERSION = YES;
				CLANG_WARN_OBJC_IMPLICIT_RETAIN_SELF = YES;
				CLANG_WARN_OBJC_LITERAL_CONVERSION = YES;
				CLANG_WARN_OBJC_ROOT_CLASS = YES_ERROR;
				CLANG_WARN_QUOTED_INCLUDE_IN_FRAMEWORK_HEADER = YES;
				CLANG_WARN_RANGE_LOOP_ANALYSIS = YES;
				CLANG_WARN_STRICT_PROTOTYPES = YES;
				CLANG_WARN_SUSPICIOUS_MOVE = YES;
				CLANG_WARN_UNGUARDED_AVAILABILITY = YES_AGGRESSIVE;
				CLANG_WARN_UNREACHABLE_CODE = YES;
				CLANG_WARN__DUPLICATE_METHOD_MATCH = YES;
				COPY_PHASE_STRIP = NO;
				DEBUG_INFORMATION_FORMAT = dwarf;
				ENABLE_STRICT_OBJC_MSGSEND = YES;
				ENABLE_TESTABILITY = YES;
				ENABLE_USER_SCRIPT_SANDBOXING = YES;
				GCC_C_LANGUAGE_STANDARD = gnu17;
				GCC_DYNAMIC_NO_PIC = NO;
				GCC_NO_COMMON_BLOCKS = YES;
				GCC_OPTIMIZATION_LEVEL = 0;
				GCC_PREPROCESSOR_DEFINITIONS = (
					"DEBUG=1",
					"$(inherited)",
				);
				GCC_WARN_64_TO_32_BIT_CONVERSION = YES;
				GCC_WARN_ABOUT_RETURN_TYPE = YES_ERROR;
				GCC_WARN_UNDECLARED_SELECTOR = YES;
				GCC_WARN_UNINITIALIZED_AUTOS = YES_AGGRESSIVE;
				GCC_WARN_UNUSED_FUNCTION = YES;
				GCC_WARN_UNUSED_VARIABLE = YES;
				IPHONEOS_DEPLOYMENT_TARGET = 18.1;
				LOCALIZATION_PREFERS_STRING_CATALOGS = YES;
				MTL_ENABLE_DEBUG_INFO = INCLUDE_SOURCE;
				MTL_FAST_MATH = YES;
				ONLY_ACTIVE_ARCH = YES;
				SDKROOT = iphoneos;
				SWIFT_ACTIVE_COMPILATION_CONDITIONS = "DEBUG $(inherited)";
				SWIFT_OPTIMIZATION_LEVEL = "-Onone";
			};
			name = Debug;
		};
		F5E514402D0F1FD400BFE008 /* Release */ = {
			isa = XCBuildConfiguration;
			buildSettings = {
				ALWAYS_SEARCH_USER_PATHS = NO;
				ASSETCATALOG_COMPILER_GENERATE_SWIFT_ASSET_SYMBOL_EXTENSIONS = YES;
				CLANG_ANALYZER_NONNULL = YES;
				CLANG_ANALYZER_NUMBER_OBJECT_CONVERSION = YES_AGGRESSIVE;
				CLANG_CXX_LANGUAGE_STANDARD = "gnu++20";
				CLANG_ENABLE_MODULES = YES;
				CLANG_ENABLE_OBJC_ARC = YES;
				CLANG_ENABLE_OBJC_WEAK = YES;
				CLANG_WARN_BLOCK_CAPTURE_AUTORELEASING = YES;
				CLANG_WARN_BOOL_CONVERSION = YES;
				CLANG_WARN_COMMA = YES;
				CLANG_WARN_CONSTANT_CONVERSION = YES;
				CLANG_WARN_DEPRECATED_OBJC_IMPLEMENTATIONS = YES;
				CLANG_WARN_DIRECT_OBJC_ISA_USAGE = YES_ERROR;
				CLANG_WARN_DOCUMENTATION_COMMENTS = YES;
				CLANG_WARN_EMPTY_BODY = YES;
				CLANG_WARN_ENUM_CONVERSION = YES;
				CLANG_WARN_INFINITE_RECURSION = YES;
				CLANG_WARN_INT_CONVERSION = YES;
				CLANG_WARN_NON_LITERAL_NULL_CONVERSION = YES;
				CLANG_WARN_OBJC_IMPLICIT_RETAIN_SELF = YES;
				CLANG_WARN_OBJC_LITERAL_CONVERSION = YES;
				CLANG_WARN_OBJC_ROOT_CLASS = YES_ERROR;
				CLANG_WARN_QUOTED_INCLUDE_IN_FRAMEWORK_HEADER = YES;
				CLANG_WARN_RANGE_LOOP_ANALYSIS = YES;
				CLANG_WARN_STRICT_PROTOTYPES = YES;
				CLANG_WARN_SUSPICIOUS_MOVE = YES;
				CLANG_WARN_UNGUARDED_AVAILABILITY = YES_AGGRESSIVE;
				CLANG_WARN_UNREACHABLE_CODE = YES;
				CLANG_WARN__DUPLICATE_METHOD_MATCH = YES;
				COPY_PHASE_STRIP = NO;
				DEBUG_INFORMATION_FORMAT = "dwarf-with-dsym";
				ENABLE_NS_ASSERTIONS = NO;
				ENABLE_STRICT_OBJC_MSGSEND = YES;
				ENABLE_USER_SCRIPT_SANDBOXING = YES;
				GCC_C_LANGUAGE_STANDARD = gnu17;
				GCC_NO_COMMON_BLOCKS = YES;
				GCC_WARN_64_TO_32_BIT_CONVERSION = YES;
				GCC_WARN_ABOUT_RETURN_TYPE = YES_ERROR;
				GCC_WARN_UNDECLARED_SELECTOR = YES;
				GCC_WARN_UNINITIALIZED_AUTOS = YES_AGGRESSIVE;
				GCC_WARN_UNUSED_FUNCTION = YES;
				GCC_WARN_UNUSED_VARIABLE = YES;
				IPHONEOS_DEPLOYMENT_TARGET = 18.1;
				LOCALIZATION_PREFERS_STRING_CATALOGS = YES;
				MTL_ENABLE_DEBUG_INFO = NO;
				MTL_FAST_MATH = YES;
				SDKROOT = iphoneos;
				SWIFT_COMPILATION_MODE = wholemodule;
				VALIDATE_PRODUCT = YES;
			};
			name = Release;
		};
		F5E514422D0F1FD400BFE008 /* Debug */ = {
			isa = XCBuildConfiguration;
			buildSettings = {
				BUNDLE_LOADER = "$(TEST_HOST)";
				CODE_SIGN_STYLE = Automatic;
				CURRENT_PROJECT_VERSION = 1;
				GENERATE_INFOPLIST_FILE = YES;
				IPHONEOS_DEPLOYMENT_TARGET = 18.1;
				MARKETING_VERSION = 1.0;
				PRODUCT_BUNDLE_IDENTIFIER = com.LaundrayWebTests;
				PRODUCT_NAME = "$(TARGET_NAME)";
				SWIFT_EMIT_LOC_STRINGS = NO;
				SWIFT_VERSION = 5.0;
				TARGETED_DEVICE_FAMILY = "1,2";
				TEST_HOST = "$(BUILT_PRODUCTS_DIR)/LaundrayWeb.app/$(BUNDLE_EXECUTABLE_FOLDER_PATH)/LaundrayWeb";
			};
			name = Debug;
		};
		F5E514432D0F1FD400BFE008 /* Release */ = {
			isa = XCBuildConfiguration;
			buildSettings = {
				BUNDLE_LOADER = "$(TEST_HOST)";
				CODE_SIGN_STYLE = Automatic;
				CURRENT_PROJECT_VERSION = 1;
				GENERATE_INFOPLIST_FILE = YES;
				IPHONEOS_DEPLOYMENT_TARGET = 18.1;
				MARKETING_VERSION = 1.0;
				PRODUCT_BUNDLE_IDENTIFIER = com.LaundrayWebTests;
				PRODUCT_NAME = "$(TARGET_NAME)";
				SWIFT_EMIT_LOC_STRINGS = NO;
				SWIFT_VERSION = 5.0;
				TARGETED_DEVICE_FAMILY = "1,2";
				TEST_HOST = "$(BUILT_PRODUCTS_DIR)/LaundrayWeb.app/$(BUNDLE_EXECUTABLE_FOLDER_PATH)/LaundrayWeb";
			};
			name = Release;
		};
		F5E514452D0F1FD400BFE008 /* Debug */ = {
			isa = XCBuildConfiguration;
			buildSettings = {
				CODE_SIGN_STYLE = Automatic;
				CURRENT_PROJECT_VERSION = 1;
				GENERATE_INFOPLIST_FILE = YES;
				MARKETING_VERSION = 1.0;
				PRODUCT_BUNDLE_IDENTIFIER = com.LaundrayWebUITests;
				PRODUCT_NAME = "$(TARGET_NAME)";
				SWIFT_EMIT_LOC_STRINGS = NO;
				SWIFT_VERSION = 5.0;
				TARGETED_DEVICE_FAMILY = "1,2";
				TEST_TARGET_NAME = LaundrayWeb;
			};
			name = Debug;
		};
		F5E514462D0F1FD400BFE008 /* Release */ = {
			isa = XCBuildConfiguration;
			buildSettings = {
				CODE_SIGN_STYLE = Automatic;
				CURRENT_PROJECT_VERSION = 1;
				GENERATE_INFOPLIST_FILE = YES;
				MARKETING_VERSION = 1.0;
				PRODUCT_BUNDLE_IDENTIFIER = com.LaundrayWebUITests;
				PRODUCT_NAME = "$(TARGET_NAME)";
				SWIFT_EMIT_LOC_STRINGS = NO;
				SWIFT_VERSION = 5.0;
				TARGETED_DEVICE_FAMILY = "1,2";
				TEST_TARGET_NAME = LaundrayWeb;
			};
			name = Release;
		};
/* End XCBuildConfiguration section */

/* Begin XCConfigurationList section */
		F5E5140E2D0F1FD300BFE008 /* Build configuration list for PBXProject "LaundrayWeb" */ = {
			isa = XCConfigurationList;
			buildConfigurations = (
				F5E5143F2D0F1FD400BFE008 /* Debug */,
				F5E514402D0F1FD400BFE008 /* Release */,
			);
			defaultConfigurationIsVisible = 0;
			defaultConfigurationName = Release;
		};
		F5E5143C2D0F1FD400BFE008 /* Build configuration list for PBXNativeTarget "LaundrayWeb" */ = {
			isa = XCConfigurationList;
			buildConfigurations = (
				F5E5143D2D0F1FD400BFE008 /* Debug */,
				F5E5143E2D0F1FD400BFE008 /* Release */,
			);
			defaultConfigurationIsVisible = 0;
			defaultConfigurationName = Release;
		};
		F5E514412D0F1FD400BFE008 /* Build configuration list for PBXNativeTarget "LaundrayWebTests" */ = {
			isa = XCConfigurationList;
			buildConfigurations = (
				F5E514422D0F1FD400BFE008 /* Debug */,
				F5E514432D0F1FD400BFE008 /* Release */,
			);
			defaultConfigurationIsVisible = 0;
			defaultConfigurationName = Release;
		};
		F5E514442D0F1FD400BFE008 /* Build configuration list for PBXNativeTarget "LaundrayWebUITests" */ = {
			isa = XCConfigurationList;
			buildConfigurations = (
				F5E514452D0F1FD400BFE008 /* Debug */,
				F5E514462D0F1FD400BFE008 /* Release */,
			);
			defaultConfigurationIsVisible = 0;
			defaultConfigurationName = Release;
		};
/* End XCConfigurationList section */
	};
	rootObject = F5E5140B2D0F1FD300BFE008 /* Project object */;
}
